// !$*UTF8*$!
{
	archiveVersion = 1;
	classes = {
	};
	objectVersion = 56;
	objects = {

/* Begin PBXBuildFile section */
		A1000001 /* SyntrakApp.swift */ = {isa = PBXBuildFile; fileRef = A1000002 /* SyntrakApp.swift */; };
		A1000003 /* ContentView.swift */ = {isa = PBXBuildFile; fileRef = A1000004 /* ContentView.swift */; };
		A1000005 /* Assets.xcassets */ = {isa = PBXBuildFile; fileRef = A1000006 /* Assets.xcassets */; };
		A1000007 /* Preview Assets.xcassets */ = {isa = PBXBuildFile; fileRef = A1000008 /* Preview Assets.xcassets */; };
		A1000009 /* Activity.swift */ = {isa = PBXBuildFile; fileRef = A1000027 /* Activity.swift */; };
		A1000028 /* LocationPoint.swift */ = {isa = PBXBuildFile; fileRef = A1000029 /* LocationPoint.swift */; };
		A100002A /* LocationTracker.swift */ = {isa = PBXBuildFile; fileRef = A100002B /* LocationTracker.swift */; };
		A100002C /* ActivityStore.swift */ = {isa = PBXBuildFile; fileRef = A100002D /* ActivityStore.swift */; };
		A100002E /* HomeView.swift */ = {isa = PBXBuildFile; fileRef = A100002F /* HomeView.swift */; };
		A1000030 /* ActivityListView.swift */ = {isa = PBXBuildFile; fileRef = A1000031 /* ActivityListView.swift */; };
		A1000032 /* ActivityDetailView.swift */ = {isa = PBXBuildFile; fileRef = A1000033 /* ActivityDetailView.swift */; };
		A1000034 /* RecordActivityView.swift */ = {isa = PBXBuildFile; fileRef = A1000035 /* RecordActivityView.swift */; };
		A1000036 /* ProfileView.swift */ = {isa = PBXBuildFile; fileRef = A1000037 /* ProfileView.swift */; };
		A1000046 /* WorkoutsView.swift */ = {isa = PBXBuildFile; fileRef = A1000047 /* WorkoutsView.swift */; };
		A1000048 /* RoutesView.swift */ = {isa = PBXBuildFile; fileRef = A1000049 /* RoutesView.swift */; };
		A100004A /* ExploreView.swift */ = {isa = PBXBuildFile; fileRef = A100004B /* ExploreView.swift */; };
		A100004C /* CoachingView.swift */ = {isa = PBXBuildFile; fileRef = A100004D /* CoachingView.swift */; };
		A100004E /* CommunityView.swift */ = {isa = PBXBuildFile; fileRef = A100004F /* CommunityView.swift */; };
		A1000050 /* SplashView.swift */ = {isa = PBXBuildFile; fileRef = A1000051 /* SplashView.swift */; };
/* End PBXBuildFile section */

/* Begin PBXFileReference section */
		A1000000 /* Syntrak.app */ = {isa = PBXFileReference; explicitFileType = wrapper.application; includeInIndex = 0; path = Syntrak.app; sourceTree = BUILT_PRODUCTS_DIR; };
		A1000002 /* SyntrakApp.swift */ = {isa = PBXFileReference; lastKnownFileType = sourcecode.swift; path = SyntrakApp.swift; sourceTree = "<group>"; };
		A1000004 /* ContentView.swift */ = {isa = PBXFileReference; lastKnownFileType = sourcecode.swift; path = ContentView.swift; sourceTree = "<group>"; };
		A1000006 /* Assets.xcassets */ = {isa = PBXFileReference; lastKnownFileType = folder.assetcatalog; path = Assets.xcassets; sourceTree = "<group>"; };
		A1000008 /* Preview Assets.xcassets */ = {isa = PBXFileReference; lastKnownFileType = folder.assetcatalog; path = "Preview Assets.xcassets"; sourceTree = "<group>"; };
		A1000027 /* Activity.swift */ = {isa = PBXFileReference; lastKnownFileType = sourcecode.swift; path = Activity.swift; sourceTree = "<group>"; };
		A1000029 /* LocationPoint.swift */ = {isa = PBXFileReference; lastKnownFileType = sourcecode.swift; path = LocationPoint.swift; sourceTree = "<group>"; };
		A100002B /* LocationTracker.swift */ = {isa = PBXFileReference; lastKnownFileType = sourcecode.swift; path = LocationTracker.swift; sourceTree = "<group>"; };
		A100002D /* ActivityStore.swift */ = {isa = PBXFileReference; lastKnownFileType = sourcecode.swift; path = ActivityStore.swift; sourceTree = "<group>"; };
		A100002F /* HomeView.swift */ = {isa = PBXFileReference; lastKnownFileType = sourcecode.swift; path = HomeView.swift; sourceTree = "<group>"; };
		A1000031 /* ActivityListView.swift */ = {isa = PBXFileReference; lastKnownFileType = sourcecode.swift; path = ActivityListView.swift; sourceTree = "<group>"; };
		A1000033 /* ActivityDetailView.swift */ = {isa = PBXFileReference; lastKnownFileType = sourcecode.swift; path = ActivityDetailView.swift; sourceTree = "<group>"; };
		A1000035 /* RecordActivityView.swift */ = {isa = PBXFileReference; lastKnownFileType = sourcecode.swift; path = RecordActivityView.swift; sourceTree = "<group>"; };
		A1000037 /* ProfileView.swift */ = {isa = PBXFileReference; lastKnownFileType = sourcecode.swift; path = ProfileView.swift; sourceTree = "<group>"; };
		A1000047 /* WorkoutsView.swift */ = {isa = PBXFileReference; lastKnownFileType = sourcecode.swift; path = WorkoutsView.swift; sourceTree = "<group>"; };
		A1000049 /* RoutesView.swift */ = {isa = PBXFileReference; lastKnownFileType = sourcecode.swift; path = RoutesView.swift; sourceTree = "<group>"; };
		A100004B /* ExploreView.swift */ = {isa = PBXFileReference; lastKnownFileType = sourcecode.swift; path = ExploreView.swift; sourceTree = "<group>"; };
		A100004D /* CoachingView.swift */ = {isa = PBXFileReference; lastKnownFileType = sourcecode.swift; path = CoachingView.swift; sourceTree = "<group>"; };
		A100004F /* CommunityView.swift */ = {isa = PBXFileReference; lastKnownFileType = sourcecode.swift; path = CommunityView.swift; sourceTree = "<group>"; };
		A1000051 /* SplashView.swift */ = {isa = PBXFileReference; lastKnownFileType = sourcecode.swift; path = SplashView.swift; sourceTree = "<group>"; };
/* End PBXFileReference section */

/* Begin PBXFrameworksBuildPhase section */
		A100000A /* Frameworks */ = {
			isa = PBXFrameworksBuildPhase;
			buildActionMask = 2147483647;
			files = (
			);
			runOnlyForDeploymentPostprocessing = 0;
		};
/* End PBXFrameworksBuildPhase section */

/* Begin PBXGroup section */
		A100000B = {
			isa = PBXGroup;
			children = (
				A100000C /* Syntrak */,
				A100000D /* Products */,
			);
			sourceTree = "<group>";
		};
		A100000C /* Syntrak */ = {
			isa = PBXGroup;
			children = (
				A1000002 /* SyntrakApp.swift */,
				A1000004 /* ContentView.swift */,
				A1000038 /* Models */,
				A1000039 /* Services */,
				A100003A /* Views */,
				A1000006 /* Assets.xcassets */,
				A100003B /* Preview Content */,
			);
			path = Syntrak;
			sourceTree = "<group>";
		};
		A100000D /* Products */ = {
			isa = PBXGroup;
			children = (
				A1000000 /* Syntrak.app */,
			);
			name = Products;
			sourceTree = "<group>";
		};
		A1000038 /* Models */ = {
			isa = PBXGroup;
			children = (
				A1000027 /* Activity.swift */,
				A1000029 /* LocationPoint.swift */,
			);
			path = Models;
			sourceTree = "<group>";
		};
		A1000039 /* Services */ = {
			isa = PBXGroup;
			children = (
				A100002B /* LocationTracker.swift */,
				A100002D /* ActivityStore.swift */,
			);
			path = Services;
			sourceTree = "<group>";
		};
		A100003A /* Views */ = {
			isa = PBXGroup;
			children = (
				A100002F /* HomeView.swift */,
				A1000031 /* ActivityListView.swift */,
				A1000033 /* ActivityDetailView.swift */,
				A1000035 /* RecordActivityView.swift */,
				A1000037 /* ProfileView.swift */,
				A1000047 /* WorkoutsView.swift */,
				A1000049 /* RoutesView.swift */,
				A100004B /* ExploreView.swift */,
				A100004D /* CoachingView.swift */,
				A100004F /* CommunityView.swift */,
				A1000051 /* SplashView.swift */,
			);
			path = Views;
			sourceTree = "<group>";
		};
		A100003B /* Preview Content */ = {
			isa = PBXGroup;
			children = (
				A1000008 /* Preview Assets.xcassets */,
			);
			path = "Preview Content";
			sourceTree = "<group>";
		};
/* End PBXGroup section */

/* Begin PBXNativeTarget section */
		A100003C /* Syntrak */ = {
			isa = PBXNativeTarget;
			buildConfigurationList = A1000045 /* Build configuration list for PBXNativeTarget "Syntrak" */;
			buildPhases = (
				A100003D /* Sources */,
				A100000A /* Frameworks */,
				A100003E /* Resources */,
			);
			buildRules = (
			);
			dependencies = (
			);
			name = Syntrak;
			productName = Syntrak;
			productReference = A1000000 /* Syntrak.app */;
			productType = "com.apple.product-type.application";
		};
/* End PBXNativeTarget section */

/* Begin PBXProject section */
		A100000F /* Project object */ = {
			isa = PBXProject;
			attributes = {
				BuildIndependentTargetsInParallel = 1;
				LastSwiftUpdateCheck = 1500;
				LastUpgradeCheck = 1500;
			};
			buildConfigurationList = A1000044 /* Build configuration list for PBXProject "Syntrak" */;
			compatibilityVersion = "Xcode 14.0";
			developmentRegion = en;
			hasScannedForEncodings = 0;
			knownRegions = (
				en,
				Base,
			);
			mainGroup = A100000B;
			productRefGroup = A100000D /* Products */;
			projectDirPath = "";
			projectRoot = "";
			targets = (
				A100003C /* Syntrak */,
			);
		};
/* End PBXProject section */

/* Begin PBXResourcesBuildPhase section */
		A100003E /* Resources */ = {
			isa = PBXResourcesBuildPhase;
			buildActionMask = 2147483647;
			files = (
				A1000007 /* Preview Assets.xcassets */,
				A1000005 /* Assets.xcassets */,
			);
			runOnlyForDeploymentPostprocessing = 0;
		};
/* End PBXResourcesBuildPhase section */

/* Begin PBXSourcesBuildPhase section */
		A100003D /* Sources */ = {
			isa = PBXSourcesBuildPhase;
			buildActionMask = 2147483647;
			files = (
				A1000003 /* ContentView.swift */,
				A1000001 /* SyntrakApp.swift */,
				A1000009 /* Activity.swift */,
				A1000028 /* LocationPoint.swift */,
				A100002A /* LocationTracker.swift */,
				A100002C /* ActivityStore.swift */,
				A100002E /* HomeView.swift */,
				A1000030 /* ActivityListView.swift */,
				A1000032 /* ActivityDetailView.swift */,
				A1000034 /* RecordActivityView.swift */,
				A1000036 /* ProfileView.swift */,
				A1000046 /* WorkoutsView.swift */,
				A1000048 /* RoutesView.swift */,
				A100004A /* ExploreView.swift */,
				A100004C /* CoachingView.swift */,
				A100004E /* CommunityView.swift */,
				A1000050 /* SplashView.swift */,
			);
			runOnlyForDeploymentPostprocessing = 0;
		};
/* End PBXSourcesBuildPhase section */

/* Begin XCBuildConfiguration section */
		A100003F /* Debug */ = {
			isa = XCBuildConfiguration;
			buildSettings = {
				ALWAYS_SEARCH_USER_PATHS = NO;
				ASSETCATALOG_COMPILER_GENERATE_SWIFT_ASSET_SYMBOL_EXTENSIONS = YES;
				CLANG_ANALYZER_NONNULL = YES;
				CLANG_ANALYZER_NUMBER_OBJECT_CONVERSION = YES_AGGRESSIVE;
				CLANG_CXX_LANGUAGE_STANDARD = "gnu++20";
				CLANG_ENABLE_MODULES = YES;
				CLANG_ENABLE_OBJC_ARC = YES;
				CLANG_ENABLE_OBJC_WEAK = YES;
				CLANG_WARN_BLOCK_CAPTURE_AUTORELEASING = YES;
				CLANG_WARN_BOOL_CONVERSION = YES;
				CLANG_WARN_COMMA = YES;
				CLANG_WARN_CONSTANT_CONVERSION = YES;
				CLANG_WARN_DEPRECATED_OBJC_IMPLEMENTATIONS = YES;
				CLANG_WARN_DIRECT_OBJC_ISA_USAGE = YES_ERROR;
				CLANG_WARN_DOCUMENTATION_COMMENTS = YES;
				CLANG_WARN_EMPTY_BODY = YES;
				CLANG_WARN_ENUM_CONVERSION = YES;
				CLANG_WARN_INFINITE_RECURSION = YES;
				CLANG_WARN_INT_CONVERSION = YES;
				CLANG_WARN_NON_LITERAL_NULL_CONVERSION = YES;
				CLANG_WARN_OBJC_IMPLICIT_RETAIN_SELF = YES;
				CLANG_WARN_OBJC_LITERAL_CONVERSION = YES;
				CLANG_WARN_OBJC_ROOT_CLASS = YES_ERROR;
				CLANG_WARN_QUOTED_INCLUDE_IN_FRAMEWORK_HEADER = YES;
				CLANG_WARN_RANGE_LOOP_ANALYSIS = YES;
				CLANG_WARN_STRICT_PROTOTYPES = YES;
				CLANG_WARN_SUSPICIOUS_MOVE = YES;
				CLANG_WARN_UNGUARDED_AVAILABILITY = YES_AGGRESSIVE;
				CLANG_WARN_UNREACHABLE_CODE = YES;
				CLANG_WARN__DUPLICATE_METHOD_MATCH = YES;
				COPY_PHASE_STRIP = NO;
				DEBUG_INFORMATION_FORMAT = dwarf;
				ENABLE_STRICT_OBJC_MSGSEND = YES;
				ENABLE_TESTABILITY = YES;
				ENABLE_USER_SCRIPT_SANDBOXING = YES;
				GCC_C_LANGUAGE_STANDARD = gnu17;
				GCC_DYNAMIC_NO_PIC = NO;
				GCC_NO_COMMON_BLOCKS = YES;
				GCC_OPTIMIZATION_LEVEL = 0;
				GCC_PREPROCESSOR_DEFINITIONS = (
					"DEBUG=1",
					"$(inherited)",
				);
				GCC_WARN_64_TO_32_BIT_CONVERSION = YES;
				GCC_WARN_ABOUT_RETURN_TYPE = YES_ERROR;
				GCC_WARN_UNDECLARED_SELECTOR = YES;
				GCC_WARN_UNINITIALIZED_AUTOS = YES_AGGRESSIVE;
				GCC_WARN_UNUSED_FUNCTION = YES;
				GCC_WARN_UNUSED_VARIABLE = YES;
				IPHONEOS_DEPLOYMENT_TARGET = 17.0;
				LOCALIZATION_PREVIEW_DEVICE = "iPhone 15 Pro";
				MTL_ENABLE_DEBUG_INFO = INCLUDE_SOURCE;
				MTL_FAST_MATH = YES;
				ONLY_ACTIVE_ARCH = YES;
				SDKROOT = iphoneos;
				SWIFT_ACTIVE_COMPILATION_CONDITIONS = "DEBUG $(inherited)";
				SWIFT_OPTIMIZATION_LEVEL = "-Onone";
			};
			name = Debug;
		};
		A1000040 /* Release */ = {
			isa = XCBuildConfiguration;
			buildSettings = {
				ALWAYS_SEARCH_USER_PATHS = NO;
				ASSETCATALOG_COMPILER_GENERATE_SWIFT_ASSET_SYMBOL_EXTENSIONS = YES;
				CLANG_ANALYZER_NONNULL = YES;
				CLANG_ANALYZER_NUMBER_OBJECT_CONVERSION = YES_AGGRESSIVE;
				CLANG_CXX_LANGUAGE_STANDARD = "gnu++20";
				CLANG_ENABLE_MODULES = YES;
				CLANG_ENABLE_OBJC_ARC = YES;
				CLANG_ENABLE_OBJC_WEAK = YES;
				CLANG_WARN_BLOCK_CAPTURE_AUTORELEASING = YES;
				CLANG_WARN_BOOL_CONVERSION = YES;
				CLANG_WARN_COMMA = YES;
				CLANG_WARN_CONSTANT_CONVERSION = YES;
				CLANG_WARN_DEPRECATED_OBJC_IMPLEMENTATIONS = YES;
				CLANG_WARN_DIRECT_OBJC_ISA_USAGE = YES_ERROR;
				CLANG_WARN_DOCUMENTATION_COMMENTS = YES;
				CLANG_WARN_EMPTY_BODY = YES;
				CLANG_WARN_ENUM_CONVERSION = YES;
				CLANG_WARN_INFINITE_RECURSION = YES;
				CLANG_WARN_INT_CONVERSION = YES;
				CLANG_WARN_NON_LITERAL_NULL_CONVERSION = YES;
				CLANG_WARN_OBJC_IMPLICIT_RETAIN_SELF = YES;
				CLANG_WARN_OBJC_LITERAL_CONVERSION = YES;
				CLANG_WARN_OBJC_ROOT_CLASS = YES_ERROR;
				CLANG_WARN_QUOTED_INCLUDE_IN_FRAMEWORK_HEADER = YES;
				CLANG_WARN_RANGE_LOOP_ANALYSIS = YES;
				CLANG_WARN_STRICT_PROTOTYPES = YES;
				CLANG_WARN_SUSPICIOUS_MOVE = YES;
				CLANG_WARN_UNGUARDED_AVAILABILITY = YES_AGGRESSIVE;
				CLANG_WARN_UNREACHABLE_CODE = YES;
				CLANG_WARN__DUPLICATE_METHOD_MATCH = YES;
				COPY_PHASE_STRIP = NO;
				DEBUG_INFORMATION_FORMAT = "dwarf-with-dsym";
				ENABLE_NS_ASSERTIONS = NO;
				ENABLE_STRICT_OBJC_MSGSEND = YES;
				ENABLE_USER_SCRIPT_SANDBOXING = YES;
				GCC_C_LANGUAGE_STANDARD = gnu17;
				GCC_NO_COMMON_BLOCKS = YES;
				GCC_WARN_64_TO_32_BIT_CONVERSION = YES;
				GCC_WARN_ABOUT_RETURN_TYPE = YES_ERROR;
				GCC_WARN_UNDECLARED_SELECTOR = YES;
				GCC_WARN_UNINITIALIZED_AUTOS = YES_AGGRESSIVE;
				GCC_WARN_UNUSED_FUNCTION = YES;
				GCC_WARN_UNUSED_VARIABLE = YES;
				IPHONEOS_DEPLOYMENT_TARGET = 17.0;
				LOCALIZATION_PREVIEW_DEVICE = "iPhone 15 Pro";
				MTL_ENABLE_DEBUG_INFO = NO;
				MTL_FAST_MATH = YES;
				SDKROOT = iphoneos;
				SWIFT_COMPILATION_MODE = wholemodule;
				VALIDATE_PRODUCT = YES;
			};
			name = Release;
		};
		A1000041 /* Debug */ = {
			isa = XCBuildConfiguration;
			buildSettings = {
				ASSETCATALOG_COMPILER_APPICON_NAME = AppIcon;
				ASSETCATALOG_COMPILER_GLOBAL_ACCENT_COLOR_NAME = AccentColor;
				CODE_SIGN_STYLE = Automatic;
				CURRENT_PROJECT_VERSION = 1;
				DEVELOPMENT_ASSET_PATHS = "\"Syntrak/Preview Content\"";
				ENABLE_PREVIEWS = YES;
				GENERATE_INFOPLIST_FILE = YES;
				INFOPLIST_KEY_NSLocationWhenInUseUsageDescription = "Syntrak needs your location to track your activities.";
				INFOPLIST_KEY_NSLocationAlwaysAndWhenInUseUsageDescription = "Syntrak needs your location to track your activities.";
				INFOPLIST_KEY_UIApplicationSceneManifest_Generation = YES;
				INFOPLIST_KEY_UIApplicationSupportsIndirectInputEvents = YES;
				INFOPLIST_KEY_UILaunchScreen_Generation = YES;
				INFOPLIST_KEY_UISupportedInterfaceOrientations_iPad = "UIInterfaceOrientationPortrait UIInterfaceOrientationPortraitUpsideDown UIInterfaceOrientationLandscapeLeft UIInterfaceOrientationLandscapeRight";
				INFOPLIST_KEY_UISupportedInterfaceOrientations_iPhone = "UIInterfaceOrientationPortrait UIInterfaceOrientationLandscapeLeft UIInterfaceOrientationLandscapeRight";
				LD_RUNPATH_SEARCH_PATHS = (
					"$(inherited)",
					"@executable_path/Frameworks",
				);
				MARKETING_VERSION = 1.0;
				PRODUCT_BUNDLE_IDENTIFIER = com.syntrak.app;
				PRODUCT_NAME = "$(TARGET_NAME)";
				SWIFT_EMIT_LOC_STRINGS = YES;
				SWIFT_VERSION = 5.0;
				TARGETED_DEVICE_FAMILY = "1,2";
			};
			name = Debug;
		};
		A1000042 /* Release */ = {
			isa = XCBuildConfiguration;
			buildSettings = {
				ASSETCATALOG_COMPILER_APPICON_NAME = AppIcon;
				ASSETCATALOG_COMPILER_GLOBAL_ACCENT_COLOR_NAME = AccentColor;
				CODE_SIGN_STYLE = Automatic;
				CURRENT_PROJECT_VERSION = 1;
				DEVELOPMENT_ASSET_PATHS = "\"Syntrak/Preview Content\"";
				ENABLE_PREVIEWS = YES;
				GENERATE_INFOPLIST_FILE = YES;
				INFOPLIST_KEY_NSLocationWhenInUseUsageDescription = "Syntrak needs your location to track your activities.";
				INFOPLIST_KEY_NSLocationAlwaysAndWhenInUseUsageDescription = "Syntrak needs your location to track your activities.";
				INFOPLIST_KEY_UIApplicationSceneManifest_Generation = YES;
				INFOPLIST_KEY_UIApplicationSupportsIndirectInputEvents = YES;
				INFOPLIST_KEY_UILaunchScreen_Generation = YES;
				INFOPLIST_KEY_UISupportedInterfaceOrientations_iPad = "UIInterfaceOrientationPortrait UIInterfaceOrientationPortraitUpsideDown UIInterfaceOrientationLandscapeLeft UIInterfaceOrientationLandscapeRight";
				INFOPLIST_KEY_UISupportedInterfaceOrientations_iPhone = "UIInterfaceOrientationPortrait UIInterfaceOrientationLandscapeLeft UIInterfaceOrientationLandscapeRight";
				LD_RUNPATH_SEARCH_PATHS = (
					"$(inherited)",
					"@executable_path/Frameworks",
				);
				MARKETING_VERSION = 1.0;
				PRODUCT_BUNDLE_IDENTIFIER = com.syntrak.app;
				PRODUCT_NAME = "$(TARGET_NAME)";
				SWIFT_EMIT_LOC_STRINGS = YES;
				SWIFT_VERSION = 5.0;
				TARGETED_DEVICE_FAMILY = "1,2";
			};
			name = Release;
		};
/* End XCBuildConfiguration section */

/* Begin XCConfigurationList section */
		A1000044 /* Build configuration list for PBXProject "Syntrak" */ = {
			isa = XCConfigurationList;
			buildConfigurations = (
				A100003F /* Debug */,
				A1000040 /* Release */,
			);
			defaultConfigurationIsVisible = 0;
			defaultConfigurationName = Release;
		};
		A1000045 /* Build configuration list for PBXNativeTarget "Syntrak" */ = {
			isa = XCConfigurationList;
			buildConfigurations = (
				A1000041 /* Debug */,
				A1000042 /* Release */,
			);
			defaultConfigurationIsVisible = 0;
			defaultConfigurationName = Release;
		};
/* End XCConfigurationList section */
	};
	rootObject = A100000F /* Project object */;
}
